// !$*UTF8*$!
{
	archiveVersion = 1;
	classes = {
	};
	objectVersion = 51;
	objects = {

/* Begin PBXBuildFile section */
		828DB5AD291B88F5008CD8B9 /* TreeNode.swift in Sources */ = {isa = PBXBuildFile; fileRef = 828DB5AC291B88F5008CD8B9 /* TreeNode.swift */; };
		829971CF29215357003CD52B /* LaunchImage-414x896@3x.png in Resources */ = {isa = PBXBuildFile; fileRef = 829971CE29215357003CD52B /* LaunchImage-414x896@3x.png */; };
		9AB82BA0EB47477D284C9942 /* Pods_HelloSwift.framework in Frameworks */ = {isa = PBXBuildFile; fileRef = C52573194B085EF0E4E9B8A7 /* Pods_HelloSwift.framework */; };
		A607554C26F5BFF6008103DA /* PhotoGuideCell.swift in Sources */ = {isa = PBXBuildFile; fileRef = A607554B26F5BFF6008103DA /* PhotoGuideCell.swift */; };
		A607554E26F5C144008103DA /* PhotoModel.swift in Sources */ = {isa = PBXBuildFile; fileRef = A607554D26F5C144008103DA /* PhotoModel.swift */; };
		A607555226F5F33F008103DA /* PhotoShowCell.swift in Sources */ = {isa = PBXBuildFile; fileRef = A607555126F5F33F008103DA /* PhotoShowCell.swift */; };
		A620058A2720212300DB8073 /* Timer.swift in Sources */ = {isa = PBXBuildFile; fileRef = A62005892720212300DB8073 /* Timer.swift */; };
		A62CF26B273E7DBC00670C13 /* ExBinaryFloatingPoint.swift in Sources */ = {isa = PBXBuildFile; fileRef = A62CF262273E7DBC00670C13 /* ExBinaryFloatingPoint.swift */; };
		A62CF26C273E7DBC00670C13 /* ExColor.swift in Sources */ = {isa = PBXBuildFile; fileRef = A62CF263273E7DBC00670C13 /* ExColor.swift */; };
		A62CF26D273E7DBC00670C13 /* ExView.swift in Sources */ = {isa = PBXBuildFile; fileRef = A62CF264273E7DBC00670C13 /* ExView.swift */; };
		A62CF26E273E7DBC00670C13 /* ExDictionary.swift in Sources */ = {isa = PBXBuildFile; fileRef = A62CF265273E7DBC00670C13 /* ExDictionary.swift */; };
		A62CF26F273E7DBC00670C13 /* ExString.swift in Sources */ = {isa = PBXBuildFile; fileRef = A62CF266273E7DBC00670C13 /* ExString.swift */; };
		A62CF270273E7DBC00670C13 /* ExFixedWidthInteger.swift in Sources */ = {isa = PBXBuildFile; fileRef = A62CF267273E7DBC00670C13 /* ExFixedWidthInteger.swift */; };
		A62CF271273E7DBC00670C13 /* ExImage.swift in Sources */ = {isa = PBXBuildFile; fileRef = A62CF268273E7DBC00670C13 /* ExImage.swift */; };
		A62CF272273E7DBC00670C13 /* ExButton.swift in Sources */ = {isa = PBXBuildFile; fileRef = A62CF269273E7DBC00670C13 /* ExButton.swift */; };
		A62CF273273E7DBC00670C13 /* ExObject.swift in Sources */ = {isa = PBXBuildFile; fileRef = A62CF26A273E7DBC00670C13 /* ExObject.swift */; };
		A650EE4F26E5FACE00E437AA /* AdViewController.swift in Sources */ = {isa = PBXBuildFile; fileRef = A650EE4E26E5FACE00E437AA /* AdViewController.swift */; };
		A650EE5326E63C6D00E437AA /* localAnimation.gif in Resources */ = {isa = PBXBuildFile; fileRef = A650EE5226E63C6D00E437AA /* localAnimation.gif */; };
		A650EE5526E6427400E437AA /* localVideo.mp4 in Resources */ = {isa = PBXBuildFile; fileRef = A650EE5426E6427400E437AA /* localVideo.mp4 */; };
		A66E2EB626FDAAD700453EB9 /* ListViewController.swift in Sources */ = {isa = PBXBuildFile; fileRef = A66E2EB526FDAAD700453EB9 /* ListViewController.swift */; };
		A66E2EBA26FDDE2000453EB9 /* RandomCodeView.swift in Sources */ = {isa = PBXBuildFile; fileRef = A66E2EB926FDDE2000453EB9 /* RandomCodeView.swift */; };
		A66E2EBC270021F100453EB9 /* AutoScaleCardView.swift in Sources */ = {isa = PBXBuildFile; fileRef = A66E2EBB270021F100453EB9 /* AutoScaleCardView.swift */; };
		A680789026EB51C70068DD0A /* Network.swift in Sources */ = {isa = PBXBuildFile; fileRef = A680788F26EB51C60068DD0A /* Network.swift */; };
		A69B068826F09292007C3FE6 /* GuideViewController.swift in Sources */ = {isa = PBXBuildFile; fileRef = A69B068726F09292007C3FE6 /* GuideViewController.swift */; };
		A69B068A26F19B98007C3FE6 /* Launch Screen.storyboard in Resources */ = {isa = PBXBuildFile; fileRef = A69B068926F19B98007C3FE6 /* Launch Screen.storyboard */; };
		A6AE060C27195643004F5160 /* LocationManager.swift in Sources */ = {isa = PBXBuildFile; fileRef = A6AE060B27195643004F5160 /* LocationManager.swift */; };
		A6AE06112719A604004F5160 /* PushManager.swift in Sources */ = {isa = PBXBuildFile; fileRef = A6AE06102719A604004F5160 /* PushManager.swift */; };
		A6D410FE26E29C0B00FD46CE /* ImageConfig.swift in Sources */ = {isa = PBXBuildFile; fileRef = A6D410FD26E29C0B00FD46CE /* ImageConfig.swift */; };
		A6F36C5C26F6483B008999AE /* PhotoDetailViewController.swift in Sources */ = {isa = PBXBuildFile; fileRef = A6F36C5B26F6483B008999AE /* PhotoDetailViewController.swift */; };
		A6FA66BE26E1015D00A6A918 /* ScaleAspectView.swift in Sources */ = {isa = PBXBuildFile; fileRef = A6FA66BD26E1015D00A6A918 /* ScaleAspectView.swift */; };
		F704A04D269E73830044729E /* AppDelegate.swift in Sources */ = {isa = PBXBuildFile; fileRef = F704A04C269E73830044729E /* AppDelegate.swift */; };
		F704A056269E73850044729E /* Assets.xcassets in Resources */ = {isa = PBXBuildFile; fileRef = F704A055269E73850044729E /* Assets.xcassets */; };
		F704A06A269E76500044729E /* BaseTabBarController.swift in Sources */ = {isa = PBXBuildFile; fileRef = F704A069269E76500044729E /* BaseTabBarController.swift */; };
		F704A072269E7B2B0044729E /* BaseViewController.swift in Sources */ = {isa = PBXBuildFile; fileRef = F704A071269E7B2B0044729E /* BaseViewController.swift */; };
		F704A077269E7B540044729E /* BaseNavigationController.swift in Sources */ = {isa = PBXBuildFile; fileRef = F704A076269E7B540044729E /* BaseNavigationController.swift */; };
		F704A07C269E7C700044729E /* HomeViewController.swift in Sources */ = {isa = PBXBuildFile; fileRef = F704A07B269E7C700044729E /* HomeViewController.swift */; };
		F704A07F269E7C8F0044729E /* UserViewController.swift in Sources */ = {isa = PBXBuildFile; fileRef = F704A07E269E7C8F0044729E /* UserViewController.swift */; };
		F704A082269E832B0044729E /* AlertController.swift in Sources */ = {isa = PBXBuildFile; fileRef = F704A081269E832B0044729E /* AlertController.swift */; };
		F704A090269EAA0E0044729E /* AppHelper.swift in Sources */ = {isa = PBXBuildFile; fileRef = F704A08F269EAA0E0044729E /* AppHelper.swift */; };
		F78279B526A5121200A90FFF /* Cache.swift in Sources */ = {isa = PBXBuildFile; fileRef = F78279B426A5121200A90FFF /* Cache.swift */; };
		F7B44820269ED3840098D2AF /* ToastView.swift in Sources */ = {isa = PBXBuildFile; fileRef = F7B4481F269ED3840098D2AF /* ToastView.swift */; };
		F7B44824269EDE490098D2AF /* DragView.swift in Sources */ = {isa = PBXBuildFile; fileRef = F7B44823269EDE490098D2AF /* DragView.swift */; };
		F7B44829269EE8590098D2AF /* CountDownView.swift in Sources */ = {isa = PBXBuildFile; fileRef = F7B44828269EE8590098D2AF /* CountDownView.swift */; };
		F7B4482C269EFC7C0098D2AF /* CountDownManager.swift in Sources */ = {isa = PBXBuildFile; fileRef = F7B4482B269EFC7C0098D2AF /* CountDownManager.swift */; };
		F7B4484E26A03E970098D2AF /* ExAppDelegate.swift in Sources */ = {isa = PBXBuildFile; fileRef = F7B4484D26A03E960098D2AF /* ExAppDelegate.swift */; };
		F7B4485226A1168E0098D2AF /* LoadingView.swift in Sources */ = {isa = PBXBuildFile; fileRef = F7B4485126A1168E0098D2AF /* LoadingView.swift */; };
		F7B4485726A17F660098D2AF /* AppKeys.swift in Sources */ = {isa = PBXBuildFile; fileRef = F7B4485626A17F650098D2AF /* AppKeys.swift */; };
		F7B4485B26A181550098D2AF /* AppURL.swift in Sources */ = {isa = PBXBuildFile; fileRef = F7B4485A26A181550098D2AF /* AppURL.swift */; };
		F7B4485E26A181DB0098D2AF /* AppNotificationName.swift in Sources */ = {isa = PBXBuildFile; fileRef = F7B4485D26A181DB0098D2AF /* AppNotificationName.swift */; };
		F7B4FD9926A6C6850051FC5B /* ItemView.swift in Sources */ = {isa = PBXBuildFile; fileRef = F7B4FD9826A6C6850051FC5B /* ItemView.swift */; };
		F7EA139D26A90FE10071B2CC /* MenuModel.swift in Sources */ = {isa = PBXBuildFile; fileRef = F7EA139C26A90FE10071B2CC /* MenuModel.swift */; };
		F7EA139F26A917870071B2CC /* MenuCell.swift in Sources */ = {isa = PBXBuildFile; fileRef = F7EA139E26A917870071B2CC /* MenuCell.swift */; };
/* End PBXBuildFile section */

/* Begin PBXFileReference section */
		7CAAFBAA5C46395FF4AC5384 /* Pods-HelloSwift.release.xcconfig */ = {isa = PBXFileReference; includeInIndex = 1; lastKnownFileType = text.xcconfig; name = "Pods-HelloSwift.release.xcconfig"; path = "Target Support Files/Pods-HelloSwift/Pods-HelloSwift.release.xcconfig"; sourceTree = "<group>"; };
		828DB5AC291B88F5008CD8B9 /* TreeNode.swift */ = {isa = PBXFileReference; lastKnownFileType = sourcecode.swift; path = TreeNode.swift; sourceTree = "<group>"; };
		829971CE29215357003CD52B /* LaunchImage-414x896@3x.png */ = {isa = PBXFileReference; lastKnownFileType = image.png; path = "LaunchImage-414x896@3x.png"; sourceTree = "<group>"; };
		A607554B26F5BFF6008103DA /* PhotoGuideCell.swift */ = {isa = PBXFileReference; lastKnownFileType = sourcecode.swift; path = PhotoGuideCell.swift; sourceTree = "<group>"; };
		A607554D26F5C144008103DA /* PhotoModel.swift */ = {isa = PBXFileReference; lastKnownFileType = sourcecode.swift; path = PhotoModel.swift; sourceTree = "<group>"; };
		A607555126F5F33F008103DA /* PhotoShowCell.swift */ = {isa = PBXFileReference; lastKnownFileType = sourcecode.swift; path = PhotoShowCell.swift; sourceTree = "<group>"; };
		A62005892720212300DB8073 /* Timer.swift */ = {isa = PBXFileReference; lastKnownFileType = sourcecode.swift; path = Timer.swift; sourceTree = "<group>"; };
		A62CF262273E7DBC00670C13 /* ExBinaryFloatingPoint.swift */ = {isa = PBXFileReference; fileEncoding = 4; lastKnownFileType = sourcecode.swift; path = ExBinaryFloatingPoint.swift; sourceTree = "<group>"; };
		A62CF263273E7DBC00670C13 /* ExColor.swift */ = {isa = PBXFileReference; fileEncoding = 4; lastKnownFileType = sourcecode.swift; path = ExColor.swift; sourceTree = "<group>"; };
		A62CF264273E7DBC00670C13 /* ExView.swift */ = {isa = PBXFileReference; fileEncoding = 4; lastKnownFileType = sourcecode.swift; path = ExView.swift; sourceTree = "<group>"; };
		A62CF265273E7DBC00670C13 /* ExDictionary.swift */ = {isa = PBXFileReference; fileEncoding = 4; lastKnownFileType = sourcecode.swift; path = ExDictionary.swift; sourceTree = "<group>"; };
		A62CF266273E7DBC00670C13 /* ExString.swift */ = {isa = PBXFileReference; fileEncoding = 4; lastKnownFileType = sourcecode.swift; path = ExString.swift; sourceTree = "<group>"; };
		A62CF267273E7DBC00670C13 /* ExFixedWidthInteger.swift */ = {isa = PBXFileReference; fileEncoding = 4; lastKnownFileType = sourcecode.swift; path = ExFixedWidthInteger.swift; sourceTree = "<group>"; };
		A62CF268273E7DBC00670C13 /* ExImage.swift */ = {isa = PBXFileReference; fileEncoding = 4; lastKnownFileType = sourcecode.swift; path = ExImage.swift; sourceTree = "<group>"; };
		A62CF269273E7DBC00670C13 /* ExButton.swift */ = {isa = PBXFileReference; fileEncoding = 4; lastKnownFileType = sourcecode.swift; path = ExButton.swift; sourceTree = "<group>"; };
		A62CF26A273E7DBC00670C13 /* ExObject.swift */ = {isa = PBXFileReference; fileEncoding = 4; lastKnownFileType = sourcecode.swift; path = ExObject.swift; sourceTree = "<group>"; };
		A650EE4E26E5FACE00E437AA /* AdViewController.swift */ = {isa = PBXFileReference; lastKnownFileType = sourcecode.swift; path = AdViewController.swift; sourceTree = "<group>"; };
		A650EE5226E63C6D00E437AA /* localAnimation.gif */ = {isa = PBXFileReference; lastKnownFileType = image.gif; path = localAnimation.gif; sourceTree = "<group>"; };
		A650EE5426E6427400E437AA /* localVideo.mp4 */ = {isa = PBXFileReference; lastKnownFileType = file; path = localVideo.mp4; sourceTree = "<group>"; };
		A66E2EB526FDAAD700453EB9 /* ListViewController.swift */ = {isa = PBXFileReference; lastKnownFileType = sourcecode.swift; path = ListViewController.swift; sourceTree = "<group>"; };
		A66E2EB926FDDE2000453EB9 /* RandomCodeView.swift */ = {isa = PBXFileReference; lastKnownFileType = sourcecode.swift; path = RandomCodeView.swift; sourceTree = "<group>"; };
		A66E2EBB270021F100453EB9 /* AutoScaleCardView.swift */ = {isa = PBXFileReference; lastKnownFileType = sourcecode.swift; path = AutoScaleCardView.swift; sourceTree = "<group>"; };
		A680788F26EB51C60068DD0A /* Network.swift */ = {isa = PBXFileReference; lastKnownFileType = sourcecode.swift; path = Network.swift; sourceTree = "<group>"; };
		A69B068726F09292007C3FE6 /* GuideViewController.swift */ = {isa = PBXFileReference; lastKnownFileType = sourcecode.swift; path = GuideViewController.swift; sourceTree = "<group>"; };
		A69B068926F19B98007C3FE6 /* Launch Screen.storyboard */ = {isa = PBXFileReference; lastKnownFileType = file.storyboard; path = "Launch Screen.storyboard"; sourceTree = "<group>"; };
		A6AE060B27195643004F5160 /* LocationManager.swift */ = {isa = PBXFileReference; lastKnownFileType = sourcecode.swift; path = LocationManager.swift; sourceTree = "<group>"; };
		A6AE06102719A604004F5160 /* PushManager.swift */ = {isa = PBXFileReference; lastKnownFileType = sourcecode.swift; path = PushManager.swift; sourceTree = "<group>"; };
		A6D410FD26E29C0B00FD46CE /* ImageConfig.swift */ = {isa = PBXFileReference; fileEncoding = 4; lastKnownFileType = sourcecode.swift; path = ImageConfig.swift; sourceTree = "<group>"; };
		A6F36C5B26F6483B008999AE /* PhotoDetailViewController.swift */ = {isa = PBXFileReference; lastKnownFileType = sourcecode.swift; path = PhotoDetailViewController.swift; sourceTree = "<group>"; };
		A6FA66BD26E1015D00A6A918 /* ScaleAspectView.swift */ = {isa = PBXFileReference; lastKnownFileType = sourcecode.swift; path = ScaleAspectView.swift; sourceTree = "<group>"; };
		C52573194B085EF0E4E9B8A7 /* Pods_HelloSwift.framework */ = {isa = PBXFileReference; explicitFileType = wrapper.framework; includeInIndex = 0; path = Pods_HelloSwift.framework; sourceTree = BUILT_PRODUCTS_DIR; };
		EFB316C22B9BE33774EA2B93 /* Pods-HelloSwift.debug.xcconfig */ = {isa = PBXFileReference; includeInIndex = 1; lastKnownFileType = text.xcconfig; name = "Pods-HelloSwift.debug.xcconfig"; path = "Target Support Files/Pods-HelloSwift/Pods-HelloSwift.debug.xcconfig"; sourceTree = "<group>"; };
		F704A049269E73830044729E /* HelloSwift.app */ = {isa = PBXFileReference; explicitFileType = wrapper.application; includeInIndex = 0; path = HelloSwift.app; sourceTree = BUILT_PRODUCTS_DIR; };
		F704A04C269E73830044729E /* AppDelegate.swift */ = {isa = PBXFileReference; lastKnownFileType = sourcecode.swift; path = AppDelegate.swift; sourceTree = "<group>"; };
		F704A055269E73850044729E /* Assets.xcassets */ = {isa = PBXFileReference; lastKnownFileType = folder.assetcatalog; path = Assets.xcassets; sourceTree = "<group>"; };
		F704A05A269E73850044729E /* Info.plist */ = {isa = PBXFileReference; lastKnownFileType = text.plist.xml; path = Info.plist; sourceTree = "<group>"; };
		F704A069269E76500044729E /* BaseTabBarController.swift */ = {isa = PBXFileReference; lastKnownFileType = sourcecode.swift; path = BaseTabBarController.swift; sourceTree = "<group>"; };
		F704A071269E7B2B0044729E /* BaseViewController.swift */ = {isa = PBXFileReference; lastKnownFileType = sourcecode.swift; path = BaseViewController.swift; sourceTree = "<group>"; };
		F704A076269E7B540044729E /* BaseNavigationController.swift */ = {isa = PBXFileReference; lastKnownFileType = sourcecode.swift; path = BaseNavigationController.swift; sourceTree = "<group>"; };
		F704A07B269E7C700044729E /* HomeViewController.swift */ = {isa = PBXFileReference; lastKnownFileType = sourcecode.swift; path = HomeViewController.swift; sourceTree = "<group>"; };
		F704A07E269E7C8F0044729E /* UserViewController.swift */ = {isa = PBXFileReference; lastKnownFileType = sourcecode.swift; path = UserViewController.swift; sourceTree = "<group>"; };
		F704A081269E832B0044729E /* AlertController.swift */ = {isa = PBXFileReference; lastKnownFileType = sourcecode.swift; path = AlertController.swift; sourceTree = "<group>"; };
		F704A08F269EAA0E0044729E /* AppHelper.swift */ = {isa = PBXFileReference; lastKnownFileType = sourcecode.swift; path = AppHelper.swift; sourceTree = "<group>"; };
		F78279B426A5121200A90FFF /* Cache.swift */ = {isa = PBXFileReference; lastKnownFileType = sourcecode.swift; path = Cache.swift; sourceTree = "<group>"; };
		F7B4481F269ED3840098D2AF /* ToastView.swift */ = {isa = PBXFileReference; lastKnownFileType = sourcecode.swift; path = ToastView.swift; sourceTree = "<group>"; };
		F7B44823269EDE490098D2AF /* DragView.swift */ = {isa = PBXFileReference; lastKnownFileType = sourcecode.swift; path = DragView.swift; sourceTree = "<group>"; };
		F7B44828269EE8590098D2AF /* CountDownView.swift */ = {isa = PBXFileReference; lastKnownFileType = sourcecode.swift; path = CountDownView.swift; sourceTree = "<group>"; };
		F7B4482B269EFC7C0098D2AF /* CountDownManager.swift */ = {isa = PBXFileReference; lastKnownFileType = sourcecode.swift; path = CountDownManager.swift; sourceTree = "<group>"; };
		F7B4484D26A03E960098D2AF /* ExAppDelegate.swift */ = {isa = PBXFileReference; lastKnownFileType = sourcecode.swift; path = ExAppDelegate.swift; sourceTree = "<group>"; };
		F7B4485126A1168E0098D2AF /* LoadingView.swift */ = {isa = PBXFileReference; lastKnownFileType = sourcecode.swift; path = LoadingView.swift; sourceTree = "<group>"; };
		F7B4485626A17F650098D2AF /* AppKeys.swift */ = {isa = PBXFileReference; lastKnownFileType = sourcecode.swift; path = AppKeys.swift; sourceTree = "<group>"; };
		F7B4485A26A181550098D2AF /* AppURL.swift */ = {isa = PBXFileReference; lastKnownFileType = sourcecode.swift; path = AppURL.swift; sourceTree = "<group>"; };
		F7B4485D26A181DB0098D2AF /* AppNotificationName.swift */ = {isa = PBXFileReference; lastKnownFileType = sourcecode.swift; path = AppNotificationName.swift; sourceTree = "<group>"; };
		F7B4FD9826A6C6850051FC5B /* ItemView.swift */ = {isa = PBXFileReference; lastKnownFileType = sourcecode.swift; path = ItemView.swift; sourceTree = "<group>"; };
		F7EA139C26A90FE10071B2CC /* MenuModel.swift */ = {isa = PBXFileReference; lastKnownFileType = sourcecode.swift; path = MenuModel.swift; sourceTree = "<group>"; };
		F7EA139E26A917870071B2CC /* MenuCell.swift */ = {isa = PBXFileReference; lastKnownFileType = sourcecode.swift; path = MenuCell.swift; sourceTree = "<group>"; };
/* End PBXFileReference section */

/* Begin PBXFrameworksBuildPhase section */
		F704A046269E73830044729E /* Frameworks */ = {
			isa = PBXFrameworksBuildPhase;
			buildActionMask = 2147483647;
			files = (
				9AB82BA0EB47477D284C9942 /* Pods_HelloSwift.framework in Frameworks */,
			);
			runOnlyForDeploymentPostprocessing = 0;
		};
/* End PBXFrameworksBuildPhase section */

/* Begin PBXGroup section */
		0CCE9AE6CDF39A0D366B1304 /* Frameworks */ = {
			isa = PBXGroup;
			children = (
				C52573194B085EF0E4E9B8A7 /* Pods_HelloSwift.framework */,
			);
			name = Frameworks;
			sourceTree = "<group>";
		};
		A607554726F5BF18008103DA /* V */ = {
			isa = PBXGroup;
			children = (
			);
			path = V;
			sourceTree = "<group>";
		};
		A607554826F5BF1F008103DA /* C */ = {
			isa = PBXGroup;
			children = (
				F704A07E269E7C8F0044729E /* UserViewController.swift */,
			);
			path = C;
			sourceTree = "<group>";
		};
		A607554A26F5BF6B008103DA /* M */ = {
			isa = PBXGroup;
			children = (
			);
			path = M;
			sourceTree = "<group>";
		};
		A62CF261273E7DBC00670C13 /* Extension */ = {
			isa = PBXGroup;
			children = (
				A62CF264273E7DBC00670C13 /* ExView.swift */,
				A62CF263273E7DBC00670C13 /* ExColor.swift */,
				A62CF266273E7DBC00670C13 /* ExString.swift */,
				A62CF268273E7DBC00670C13 /* ExImage.swift */,
				A62CF269273E7DBC00670C13 /* ExButton.swift */,
				A62CF26A273E7DBC00670C13 /* ExObject.swift */,
				A62CF265273E7DBC00670C13 /* ExDictionary.swift */,
				A62CF267273E7DBC00670C13 /* ExFixedWidthInteger.swift */,
				A62CF262273E7DBC00670C13 /* ExBinaryFloatingPoint.swift */,
			);
			path = Extension;
			sourceTree = "<group>";
		};
		A650EE5126E63C2D00E437AA /* Resource */ = {
			isa = PBXGroup;
			children = (
				A650EE5426E6427400E437AA /* localVideo.mp4 */,
				A69B068926F19B98007C3FE6 /* Launch Screen.storyboard */,
				A650EE5226E63C6D00E437AA /* localAnimation.gif */,
				829971CE29215357003CD52B /* LaunchImage-414x896@3x.png */,
			);
			path = Resource;
			sourceTree = "<group>";
		};
		A66E2EB126FDAA1500453EB9 /* List */ = {
			isa = PBXGroup;
			children = (
				A66E2EB426FDAA6500453EB9 /* M */,
				A66E2EB326FDAA5F00453EB9 /* V */,
				A66E2EB226FDAA5500453EB9 /* C */,
			);
			path = List;
			sourceTree = "<group>";
		};
		A66E2EB226FDAA5500453EB9 /* C */ = {
			isa = PBXGroup;
			children = (
				A66E2EB526FDAAD700453EB9 /* ListViewController.swift */,
				A6F36C5B26F6483B008999AE /* PhotoDetailViewController.swift */,
			);
			path = C;
			sourceTree = "<group>";
		};
		A66E2EB326FDAA5F00453EB9 /* V */ = {
			isa = PBXGroup;
			children = (
				A607554B26F5BFF6008103DA /* PhotoGuideCell.swift */,
				A607555126F5F33F008103DA /* PhotoShowCell.swift */,
			);
			path = V;
			sourceTree = "<group>";
		};
		A66E2EB426FDAA6500453EB9 /* M */ = {
			isa = PBXGroup;
			children = (
				A607554D26F5C144008103DA /* PhotoModel.swift */,
			);
			path = M;
			sourceTree = "<group>";
		};
		A680788E26EB518A0068DD0A /* Network */ = {
			isa = PBXGroup;
			children = (
				A680788F26EB51C60068DD0A /* Network.swift */,
			);
			path = Network;
			sourceTree = "<group>";
		};
		A6AE060D27199694004F5160 /* Module */ = {
			isa = PBXGroup;
			children = (
				A6AE060F2719A5E6004F5160 /* Push */,
				A6AE060E271996F4004F5160 /* Weather */,
			);
			path = Module;
			sourceTree = "<group>";
		};
		A6AE060E271996F4004F5160 /* Weather */ = {
			isa = PBXGroup;
			children = (
				A6AE060B27195643004F5160 /* LocationManager.swift */,
			);
			path = Weather;
			sourceTree = "<group>";
		};
		A6AE060F2719A5E6004F5160 /* Push */ = {
			isa = PBXGroup;
			children = (
				A6AE06102719A604004F5160 /* PushManager.swift */,
			);
			path = Push;
			sourceTree = "<group>";
		};
		C78CFD14EBDB15D285B08BEA /* Pods */ = {
			isa = PBXGroup;
			children = (
				EFB316C22B9BE33774EA2B93 /* Pods-HelloSwift.debug.xcconfig */,
				7CAAFBAA5C46395FF4AC5384 /* Pods-HelloSwift.release.xcconfig */,
			);
			path = Pods;
			sourceTree = "<group>";
		};
		F704A040269E73820044729E = {
			isa = PBXGroup;
			children = (
				F704A04B269E73830044729E /* Root */,
				F704A064269E75110044729E /* Base */,
				F704A070269E7AD10044729E /* Class */,
				F704A066269E75640044729E /* Tools */,
				F7B4485526A17E890098D2AF /* Config */,
				F704A08E269EA8A50044729E /* Helper */,
				A6AE060D27199694004F5160 /* Module */,
				A680788E26EB518A0068DD0A /* Network */,
				A62CF261273E7DBC00670C13 /* Extension */,
				A650EE5126E63C2D00E437AA /* Resource */,
				F704A04A269E73830044729E /* Products */,
				C78CFD14EBDB15D285B08BEA /* Pods */,
				0CCE9AE6CDF39A0D366B1304 /* Frameworks */,
			);
			sourceTree = "<group>";
		};
		F704A04A269E73830044729E /* Products */ = {
			isa = PBXGroup;
			children = (
				F704A049269E73830044729E /* HelloSwift.app */,
			);
			name = Products;
			sourceTree = "<group>";
		};
		F704A04B269E73830044729E /* Root */ = {
			isa = PBXGroup;
			children = (
				F704A04C269E73830044729E /* AppDelegate.swift */,
				F7B4484D26A03E960098D2AF /* ExAppDelegate.swift */,
				F704A055269E73850044729E /* Assets.xcassets */,
				F704A05A269E73850044729E /* Info.plist */,
			);
			path = Root;
			sourceTree = "<group>";
		};
		F704A064269E75110044729E /* Base */ = {
			isa = PBXGroup;
			children = (
				F704A071269E7B2B0044729E /* BaseViewController.swift */,
				F704A069269E76500044729E /* BaseTabBarController.swift */,
				F704A076269E7B540044729E /* BaseNavigationController.swift */,
			);
			path = Base;
			sourceTree = "<group>";
		};
		F704A066269E75640044729E /* Tools */ = {
			isa = PBXGroup;
			children = (
				A62005892720212300DB8073 /* Timer.swift */,
				F78279B426A5121200A90FFF /* Cache.swift */,
				828DB5AC291B88F5008CD8B9 /* TreeNode.swift */,
				F7B4FD9826A6C6850051FC5B /* ItemView.swift */,
				F7B44823269EDE490098D2AF /* DragView.swift */,
				F7B4481F269ED3840098D2AF /* ToastView.swift */,
				F7B4485126A1168E0098D2AF /* LoadingView.swift */,
				F704A081269E832B0044729E /* AlertController.swift */,
				A6FA66BD26E1015D00A6A918 /* ScaleAspectView.swift */,
				F7B44828269EE8590098D2AF /* CountDownView.swift */,
				A650EE4E26E5FACE00E437AA /* AdViewController.swift */,
				A66E2EB926FDDE2000453EB9 /* RandomCodeView.swift */,
				A66E2EBB270021F100453EB9 /* AutoScaleCardView.swift */,
				F7B4482B269EFC7C0098D2AF /* CountDownManager.swift */,
				A69B068726F09292007C3FE6 /* GuideViewController.swift */,
			);
			path = Tools;
			sourceTree = "<group>";
		};
		F704A070269E7AD10044729E /* Class */ = {
			isa = PBXGroup;
			children = (
				F704A079269E7BC10044729E /* Home */,
				A66E2EB126FDAA1500453EB9 /* List */,
				F704A07A269E7BCA0044729E /* User */,
			);
			path = Class;
			sourceTree = "<group>";
		};
		F704A079269E7BC10044729E /* Home */ = {
			isa = PBXGroup;
			children = (
				F7EA139B26A90F660071B2CC /* M */,
				F7EA139A26A90F400071B2CC /* V */,
				F7EA139926A90F350071B2CC /* C */,
			);
			path = Home;
			sourceTree = "<group>";
		};
		F704A07A269E7BCA0044729E /* User */ = {
			isa = PBXGroup;
			children = (
				A607554A26F5BF6B008103DA /* M */,
				A607554726F5BF18008103DA /* V */,
				A607554826F5BF1F008103DA /* C */,
			);
			path = User;
			sourceTree = "<group>";
		};
		F704A08E269EA8A50044729E /* Helper */ = {
			isa = PBXGroup;
			children = (
				F704A08F269EAA0E0044729E /* AppHelper.swift */,
			);
			path = Helper;
			sourceTree = "<group>";
		};
		F7B4485526A17E890098D2AF /* Config */ = {
			isa = PBXGroup;
			children = (
				F7B4485A26A181550098D2AF /* AppURL.swift */,
				F7B4485626A17F650098D2AF /* AppKeys.swift */,
				A6D410FD26E29C0B00FD46CE /* ImageConfig.swift */,
				F7B4485D26A181DB0098D2AF /* AppNotificationName.swift */,
			);
			path = Config;
			sourceTree = "<group>";
		};
		F7EA139926A90F350071B2CC /* C */ = {
			isa = PBXGroup;
			children = (
				F704A07B269E7C700044729E /* HomeViewController.swift */,
			);
			path = C;
			sourceTree = "<group>";
		};
		F7EA139A26A90F400071B2CC /* V */ = {
			isa = PBXGroup;
			children = (
				F7EA139E26A917870071B2CC /* MenuCell.swift */,
			);
			path = V;
			sourceTree = "<group>";
		};
		F7EA139B26A90F660071B2CC /* M */ = {
			isa = PBXGroup;
			children = (
				F7EA139C26A90FE10071B2CC /* MenuModel.swift */,
			);
			path = M;
			sourceTree = "<group>";
		};
/* End PBXGroup section */

/* Begin PBXNativeTarget section */
		F704A048269E73830044729E /* HelloSwift */ = {
			isa = PBXNativeTarget;
			buildConfigurationList = F704A05D269E73850044729E /* Build configuration list for PBXNativeTarget "HelloSwift" */;
			buildPhases = (
				6E62ADD8ACBC11881970BFDF /* [CP] Check Pods Manifest.lock */,
				A6D410F426E1FE7200FD46CE /* ShellScript */,
				F704A045269E73830044729E /* Sources */,
				F704A046269E73830044729E /* Frameworks */,
				F704A047269E73830044729E /* Resources */,
				2422EDB290D1046D88669BF7 /* [CP] Embed Pods Frameworks */,
			);
			buildRules = (
			);
			dependencies = (
			);
			name = HelloSwift;
			productName = HelloSwift;
			productReference = F704A049269E73830044729E /* HelloSwift.app */;
			productType = "com.apple.product-type.application";
		};
/* End PBXNativeTarget section */

/* Begin PBXProject section */
		F704A041269E73820044729E /* Project object */ = {
			isa = PBXProject;
			attributes = {
				LastSwiftUpdateCheck = 1240;
				LastUpgradeCheck = 1300;
				TargetAttributes = {
					F704A048269E73830044729E = {
						CreatedOnToolsVersion = 12.4;
					};
				};
			};
			buildConfigurationList = F704A044269E73820044729E /* Build configuration list for PBXProject "HelloSwift" */;
			compatibilityVersion = "Xcode 9.3";
			developmentRegion = en;
			hasScannedForEncodings = 0;
			knownRegions = (
				en,
				Base,
			);
			mainGroup = F704A040269E73820044729E;
			productRefGroup = F704A04A269E73830044729E /* Products */;
			projectDirPath = "";
			projectRoot = "";
			targets = (
				F704A048269E73830044729E /* HelloSwift */,
			);
		};
/* End PBXProject section */

/* Begin PBXResourcesBuildPhase section */
		F704A047269E73830044729E /* Resources */ = {
			isa = PBXResourcesBuildPhase;
			buildActionMask = 2147483647;
			files = (
				A650EE5526E6427400E437AA /* localVideo.mp4 in Resources */,
				A650EE5326E63C6D00E437AA /* localAnimation.gif in Resources */,
				A69B068A26F19B98007C3FE6 /* Launch Screen.storyboard in Resources */,
				F704A056269E73850044729E /* Assets.xcassets in Resources */,
				829971CF29215357003CD52B /* LaunchImage-414x896@3x.png in Resources */,
			);
			runOnlyForDeploymentPostprocessing = 0;
		};
/* End PBXResourcesBuildPhase section */

/* Begin PBXShellScriptBuildPhase section */
		2422EDB290D1046D88669BF7 /* [CP] Embed Pods Frameworks */ = {
			isa = PBXShellScriptBuildPhase;
			buildActionMask = 2147483647;
			files = (
			);
			inputFileListPaths = (
				"${PODS_ROOT}/Target Support Files/Pods-HelloSwift/Pods-HelloSwift-frameworks-${CONFIGURATION}-input-files.xcfilelist",
			);
			name = "[CP] Embed Pods Frameworks";
			outputFileListPaths = (
				"${PODS_ROOT}/Target Support Files/Pods-HelloSwift/Pods-HelloSwift-frameworks-${CONFIGURATION}-output-files.xcfilelist",
			);
			runOnlyForDeploymentPostprocessing = 0;
			shellPath = /bin/sh;
			shellScript = "\"${PODS_ROOT}/Target Support Files/Pods-HelloSwift/Pods-HelloSwift-frameworks.sh\"\n";
			showEnvVarsInLog = 0;
		};
		6E62ADD8ACBC11881970BFDF /* [CP] Check Pods Manifest.lock */ = {
			isa = PBXShellScriptBuildPhase;
			buildActionMask = 2147483647;
			files = (
			);
			inputFileListPaths = (
			);
			inputPaths = (
				"${PODS_PODFILE_DIR_PATH}/Podfile.lock",
				"${PODS_ROOT}/Manifest.lock",
			);
			name = "[CP] Check Pods Manifest.lock";
			outputFileListPaths = (
			);
			outputPaths = (
				"$(DERIVED_FILE_DIR)/Pods-HelloSwift-checkManifestLockResult.txt",
			);
			runOnlyForDeploymentPostprocessing = 0;
			shellPath = /bin/sh;
			shellScript = "diff \"${PODS_PODFILE_DIR_PATH}/Podfile.lock\" \"${PODS_ROOT}/Manifest.lock\" > /dev/null\nif [ $? != 0 ] ; then\n    # print error to STDERR\n    echo \"error: The sandbox is not in sync with the Podfile.lock. Run 'pod install' or update your CocoaPods installation.\" >&2\n    exit 1\nfi\n# This output is used by Xcode 'outputs' to avoid re-running this script phase.\necho \"SUCCESS\" > \"${SCRIPT_OUTPUT_FILE_0}\"\n";
			showEnvVarsInLog = 0;
		};
		A6D410F426E1FE7200FD46CE /* ShellScript */ = {
			isa = PBXShellScriptBuildPhase;
			buildActionMask = 2147483647;
			files = (
			);
			inputFileListPaths = (
			);
			inputPaths = (
				"$TEMP_DIR/rswift-lastrun",
			);
			outputFileListPaths = (
			);
			outputPaths = (
				$SRCROOT/Config/ImageConfig.swift,
			);
			runOnlyForDeploymentPostprocessing = 0;
			shellPath = /bin/sh;
			shellScript = "# Type a script or drag a script file from your workspace to insert its path.\n\"$PODS_ROOT/R.swift/rswift\" generate \"$SRCROOT/Config/ImageConfig.swift\"\n";
		};
/* End PBXShellScriptBuildPhase section */

/* Begin PBXSourcesBuildPhase section */
		F704A045269E73830044729E /* Sources */ = {
			isa = PBXSourcesBuildPhase;
			buildActionMask = 2147483647;
			files = (
				F7B44820269ED3840098D2AF /* ToastView.swift in Sources */,
				A66E2EBC270021F100453EB9 /* AutoScaleCardView.swift in Sources */,
				F7EA139F26A917870071B2CC /* MenuCell.swift in Sources */,
				F7EA139D26A90FE10071B2CC /* MenuModel.swift in Sources */,
				F7B44824269EDE490098D2AF /* DragView.swift in Sources */,
				F7B4482C269EFC7C0098D2AF /* CountDownManager.swift in Sources */,
				A62CF26E273E7DBC00670C13 /* ExDictionary.swift in Sources */,
				A62CF26C273E7DBC00670C13 /* ExColor.swift in Sources */,
				A62CF26D273E7DBC00670C13 /* ExView.swift in Sources */,
				A6AE060C27195643004F5160 /* LocationManager.swift in Sources */,
				F7B4485726A17F660098D2AF /* AppKeys.swift in Sources */,
				F7B4485B26A181550098D2AF /* AppURL.swift in Sources */,
				828DB5AD291B88F5008CD8B9 /* TreeNode.swift in Sources */,
				A62CF270273E7DBC00670C13 /* ExFixedWidthInteger.swift in Sources */,
				A6AE06112719A604004F5160 /* PushManager.swift in Sources */,
				A6D410FE26E29C0B00FD46CE /* ImageConfig.swift in Sources */,
				F7B44829269EE8590098D2AF /* CountDownView.swift in Sources */,
				F704A090269EAA0E0044729E /* AppHelper.swift in Sources */,
				A62CF273273E7DBC00670C13 /* ExObject.swift in Sources */,
				A6FA66BE26E1015D00A6A918 /* ScaleAspectView.swift in Sources */,
				A607554C26F5BFF6008103DA /* PhotoGuideCell.swift in Sources */,
				F704A07F269E7C8F0044729E /* UserViewController.swift in Sources */,
				A650EE4F26E5FACE00E437AA /* AdViewController.swift in Sources */,
				A69B068826F09292007C3FE6 /* GuideViewController.swift in Sources */,
				A607555226F5F33F008103DA /* PhotoShowCell.swift in Sources */,
				F7B4485226A1168E0098D2AF /* LoadingView.swift in Sources */,
				A66E2EBA26FDDE2000453EB9 /* RandomCodeView.swift in Sources */,
				F704A06A269E76500044729E /* BaseTabBarController.swift in Sources */,
				A62CF26F273E7DBC00670C13 /* ExString.swift in Sources */,
				F704A077269E7B540044729E /* BaseNavigationController.swift in Sources */,
				F704A082269E832B0044729E /* AlertController.swift in Sources */,
				A607554E26F5C144008103DA /* PhotoModel.swift in Sources */,
				F7B4FD9926A6C6850051FC5B /* ItemView.swift in Sources */,
				A62CF271273E7DBC00670C13 /* ExImage.swift in Sources */,
				A620058A2720212300DB8073 /* Timer.swift in Sources */,
				A62CF26B273E7DBC00670C13 /* ExBinaryFloatingPoint.swift in Sources */,
				F704A07C269E7C700044729E /* HomeViewController.swift in Sources */,
				F7B4485E26A181DB0098D2AF /* AppNotificationName.swift in Sources */,
				A680789026EB51C70068DD0A /* Network.swift in Sources */,
				A6F36C5C26F6483B008999AE /* PhotoDetailViewController.swift in Sources */,
				F704A072269E7B2B0044729E /* BaseViewController.swift in Sources */,
				A62CF272273E7DBC00670C13 /* ExButton.swift in Sources */,
				F704A04D269E73830044729E /* AppDelegate.swift in Sources */,
				A66E2EB626FDAAD700453EB9 /* ListViewController.swift in Sources */,
				F78279B526A5121200A90FFF /* Cache.swift in Sources */,
				F7B4484E26A03E970098D2AF /* ExAppDelegate.swift in Sources */,
			);
			runOnlyForDeploymentPostprocessing = 0;
		};
/* End PBXSourcesBuildPhase section */

/* Begin XCBuildConfiguration section */
		F704A05B269E73850044729E /* Debug */ = {
			isa = XCBuildConfiguration;
			buildSettings = {
				ALWAYS_SEARCH_USER_PATHS = NO;
				CLANG_ANALYZER_NONNULL = YES;
				CLANG_ANALYZER_NUMBER_OBJECT_CONVERSION = YES_AGGRESSIVE;
				CLANG_CXX_LANGUAGE_STANDARD = "gnu++14";
				CLANG_CXX_LIBRARY = "libc++";
				CLANG_ENABLE_MODULES = YES;
				CLANG_ENABLE_OBJC_ARC = YES;
				CLANG_ENABLE_OBJC_WEAK = YES;
				CLANG_WARN_BLOCK_CAPTURE_AUTORELEASING = YES;
				CLANG_WARN_BOOL_CONVERSION = YES;
				CLANG_WARN_COMMA = YES;
				CLANG_WARN_CONSTANT_CONVERSION = YES;
				CLANG_WARN_DEPRECATED_OBJC_IMPLEMENTATIONS = YES;
				CLANG_WARN_DIRECT_OBJC_ISA_USAGE = YES_ERROR;
				CLANG_WARN_DOCUMENTATION_COMMENTS = YES;
				CLANG_WARN_EMPTY_BODY = YES;
				CLANG_WARN_ENUM_CONVERSION = YES;
				CLANG_WARN_INFINITE_RECURSION = YES;
				CLANG_WARN_INT_CONVERSION = YES;
				CLANG_WARN_NON_LITERAL_NULL_CONVERSION = YES;
				CLANG_WARN_OBJC_IMPLICIT_RETAIN_SELF = YES;
				CLANG_WARN_OBJC_LITERAL_CONVERSION = YES;
				CLANG_WARN_OBJC_ROOT_CLASS = YES_ERROR;
				CLANG_WARN_QUOTED_INCLUDE_IN_FRAMEWORK_HEADER = YES;
				CLANG_WARN_RANGE_LOOP_ANALYSIS = YES;
				CLANG_WARN_STRICT_PROTOTYPES = YES;
				CLANG_WARN_SUSPICIOUS_MOVE = YES;
				CLANG_WARN_UNGUARDED_AVAILABILITY = YES_AGGRESSIVE;
				CLANG_WARN_UNREACHABLE_CODE = YES;
				CLANG_WARN__DUPLICATE_METHOD_MATCH = YES;
				CODE_SIGN_IDENTITY = "iPhone Developer";
				COPY_PHASE_STRIP = NO;
				DEBUG_INFORMATION_FORMAT = dwarf;
				ENABLE_STRICT_OBJC_MSGSEND = YES;
				ENABLE_TESTABILITY = YES;
				GCC_C_LANGUAGE_STANDARD = gnu11;
				GCC_DYNAMIC_NO_PIC = NO;
				GCC_NO_COMMON_BLOCKS = YES;
				GCC_OPTIMIZATION_LEVEL = 0;
				GCC_PREPROCESSOR_DEFINITIONS = (
					"DEBUG=1",
					"$(inherited)",
				);
				GCC_WARN_64_TO_32_BIT_CONVERSION = YES;
				GCC_WARN_ABOUT_RETURN_TYPE = YES_ERROR;
				GCC_WARN_UNDECLARED_SELECTOR = YES;
				GCC_WARN_UNINITIALIZED_AUTOS = YES_AGGRESSIVE;
				GCC_WARN_UNUSED_FUNCTION = YES;
				GCC_WARN_UNUSED_VARIABLE = YES;
				IPHONEOS_DEPLOYMENT_TARGET = 12.0;
				MTL_ENABLE_DEBUG_INFO = INCLUDE_SOURCE;
				MTL_FAST_MATH = YES;
				ONLY_ACTIVE_ARCH = YES;
				SDKROOT = iphoneos;
				SWIFT_ACTIVE_COMPILATION_CONDITIONS = DEBUG;
				SWIFT_OPTIMIZATION_LEVEL = "-Onone";
			};
			name = Debug;
		};
		F704A05C269E73850044729E /* Release */ = {
			isa = XCBuildConfiguration;
			buildSettings = {
				ALWAYS_SEARCH_USER_PATHS = NO;
				CLANG_ANALYZER_NONNULL = YES;
				CLANG_ANALYZER_NUMBER_OBJECT_CONVERSION = YES_AGGRESSIVE;
				CLANG_CXX_LANGUAGE_STANDARD = "gnu++14";
				CLANG_CXX_LIBRARY = "libc++";
				CLANG_ENABLE_MODULES = YES;
				CLANG_ENABLE_OBJC_ARC = YES;
				CLANG_ENABLE_OBJC_WEAK = YES;
				CLANG_WARN_BLOCK_CAPTURE_AUTORELEASING = YES;
				CLANG_WARN_BOOL_CONVERSION = YES;
				CLANG_WARN_COMMA = YES;
				CLANG_WARN_CONSTANT_CONVERSION = YES;
				CLANG_WARN_DEPRECATED_OBJC_IMPLEMENTATIONS = YES;
				CLANG_WARN_DIRECT_OBJC_ISA_USAGE = YES_ERROR;
				CLANG_WARN_DOCUMENTATION_COMMENTS = YES;
				CLANG_WARN_EMPTY_BODY = YES;
				CLANG_WARN_ENUM_CONVERSION = YES;
				CLANG_WARN_INFINITE_RECURSION = YES;
				CLANG_WARN_INT_CONVERSION = YES;
				CLANG_WARN_NON_LITERAL_NULL_CONVERSION = YES;
				CLANG_WARN_OBJC_IMPLICIT_RETAIN_SELF = YES;
				CLANG_WARN_OBJC_LITERAL_CONVERSION = YES;
				CLANG_WARN_OBJC_ROOT_CLASS = YES_ERROR;
				CLANG_WARN_QUOTED_INCLUDE_IN_FRAMEWORK_HEADER = YES;
				CLANG_WARN_RANGE_LOOP_ANALYSIS = YES;
				CLANG_WARN_STRICT_PROTOTYPES = YES;
				CLANG_WARN_SUSPICIOUS_MOVE = YES;
				CLANG_WARN_UNGUARDED_AVAILABILITY = YES_AGGRESSIVE;
				CLANG_WARN_UNREACHABLE_CODE = YES;
				CLANG_WARN__DUPLICATE_METHOD_MATCH = YES;
				CODE_SIGN_IDENTITY = "iPhone Developer";
				COPY_PHASE_STRIP = NO;
				DEBUG_INFORMATION_FORMAT = "dwarf-with-dsym";
				ENABLE_NS_ASSERTIONS = NO;
				ENABLE_STRICT_OBJC_MSGSEND = YES;
				GCC_C_LANGUAGE_STANDARD = gnu11;
				GCC_NO_COMMON_BLOCKS = YES;
				GCC_WARN_64_TO_32_BIT_CONVERSION = YES;
				GCC_WARN_ABOUT_RETURN_TYPE = YES_ERROR;
				GCC_WARN_UNDECLARED_SELECTOR = YES;
				GCC_WARN_UNINITIALIZED_AUTOS = YES_AGGRESSIVE;
				GCC_WARN_UNUSED_FUNCTION = YES;
				GCC_WARN_UNUSED_VARIABLE = YES;
				IPHONEOS_DEPLOYMENT_TARGET = 12.0;
				MTL_ENABLE_DEBUG_INFO = NO;
				MTL_FAST_MATH = YES;
				SDKROOT = iphoneos;
				SWIFT_COMPILATION_MODE = wholemodule;
				SWIFT_OPTIMIZATION_LEVEL = "-O";
				VALIDATE_PRODUCT = YES;
			};
			name = Release;
		};
		F704A05E269E73850044729E /* Debug */ = {
			isa = XCBuildConfiguration;
			baseConfigurationReference = EFB316C22B9BE33774EA2B93 /* Pods-HelloSwift.debug.xcconfig */;
			buildSettings = {
				ASSETCATALOG_COMPILER_APPICON_NAME = AppIcon;
				ASSETCATALOG_COMPILER_GLOBAL_ACCENT_COLOR_NAME = "";
				ASSETCATALOG_COMPILER_INCLUDE_ALL_APPICON_ASSETS = YES;
				ASSETCATALOG_COMPILER_LAUNCHIMAGE_NAME = "";
				CODE_SIGN_IDENTITY = "iPhone Developer";
				CODE_SIGN_STYLE = Automatic;
				DEVELOPMENT_TEAM = 5562HFJV8D;
				INFOPLIST_FILE = Root/Info.plist;
				IPHONEOS_DEPLOYMENT_TARGET = 12.0;
				LD_RUNPATH_SEARCH_PATHS = (
					"$(inherited)",
					"@executable_path/Frameworks",
				);
				MARKETING_VERSION = 1.5.0;
				PRODUCT_BUNDLE_IDENTIFIER = com.well.HelloSwift;
				PRODUCT_NAME = "$(TARGET_NAME)";
				PROVISIONING_PROFILE_SPECIFIER = "";
				SWIFT_VERSION = 5.0;
				TARGETED_DEVICE_FAMILY = 1;
			};
			name = Debug;
		};
		F704A05F269E73850044729E /* Release */ = {
			isa = XCBuildConfiguration;
			baseConfigurationReference = 7CAAFBAA5C46395FF4AC5384 /* Pods-HelloSwift.release.xcconfig */;
			buildSettings = {
				ASSETCATALOG_COMPILER_APPICON_NAME = AppIcon;
				ASSETCATALOG_COMPILER_GLOBAL_ACCENT_COLOR_NAME = "";
				ASSETCATALOG_COMPILER_INCLUDE_ALL_APPICON_ASSETS = YES;
				ASSETCATALOG_COMPILER_LAUNCHIMAGE_NAME = "";
				CODE_SIGN_IDENTITY = "iPhone Developer";
				CODE_SIGN_STYLE = Automatic;
				DEVELOPMENT_TEAM = 5562HFJV8D;
				HEADER_SEARCH_PATHS = (
					"$(inherited)",
					"\"${PODS_CONFIGURATION_BUILD_DIR}/Alamofire/Alamofire.framework/Headers\"",
					"\"${PODS_CONFIGURATION_BUILD_DIR}/Cache/Cache.framework/Headers\"",
					"\"${PODS_CONFIGURATION_BUILD_DIR}/HandyJSON/HandyJSON.framework/Headers\"",
					"\"${PODS_CONFIGURATION_BUILD_DIR}/KeychainAccess/KeychainAccess.framework/Headers\"",
					"\"${PODS_CONFIGURATION_BUILD_DIR}/Kingfisher/Kingfisher.framework/Headers\"",
					"\"${PODS_CONFIGURATION_BUILD_DIR}/MJRefresh/MJRefresh.framework/Headers\"",
					"\"${PODS_CONFIGURATION_BUILD_DIR}/R.swift.Library/Rswift.framework/Headers\"",
					"\"${PODS_CONFIGURATION_BUILD_DIR}/SnapKit/SnapKit.framework/Headers\"",
					"${SRCROOT}/**",
				);
				INFOPLIST_FILE = Root/Info.plist;
				IPHONEOS_DEPLOYMENT_TARGET = 12.0;
				LD_RUNPATH_SEARCH_PATHS = (
					"$(inherited)",
					"@executable_path/Frameworks",
				);
				MARKETING_VERSION = 1.5.0;
				PRODUCT_BUNDLE_IDENTIFIER = com.well.HelloSwift;
				PRODUCT_NAME = "$(TARGET_NAME)";
				PROVISIONING_PROFILE_SPECIFIER = "";
				SWIFT_VERSION = 5.0;
				TARGETED_DEVICE_FAMILY = 1;
			};
			name = Release;
		};
/* End XCBuildConfiguration section */

/* Begin XCConfigurationList section */
		F704A044269E73820044729E /* Build configuration list for PBXProject "HelloSwift" */ = {
			isa = XCConfigurationList;
			buildConfigurations = (
				F704A05B269E73850044729E /* Debug */,
				F704A05C269E73850044729E /* Release */,
			);
			defaultConfigurationIsVisible = 0;
			defaultConfigurationName = Release;
		};
		F704A05D269E73850044729E /* Build configuration list for PBXNativeTarget "HelloSwift" */ = {
			isa = XCConfigurationList;
			buildConfigurations = (
				F704A05E269E73850044729E /* Debug */,
				F704A05F269E73850044729E /* Release */,
			);
			defaultConfigurationIsVisible = 0;
			defaultConfigurationName = Release;
		};
/* End XCConfigurationList section */
	};
	rootObject = F704A041269E73820044729E /* Project object */;
}
